PODS:
  - IQKeyboardManagerSwift (5.0.7)
  - RxCocoa (4.1.2):
    - RxSwift (~> 4.0)
  - RxSwift (4.1.2)
  - SDWebImage (4.3.2):
    - SDWebImage/Core (= 4.3.2)
  - SDWebImage/Core (4.3.2)

DEPENDENCIES:
  - IQKeyboardManagerSwift
  - RxCocoa
  - RxSwift
  - SDWebImage

SPEC CHECKSUMS:
  IQKeyboardManagerSwift: 30fb3a61de1af53a95e02b80fb54ed0a19d5ede5
  RxCocoa: d88ba0f1f6abf040011a9eb4b539324fc426843a
  RxSwift: e49536837d9901277638493ea537394d4b55f570
  SDWebImage: 29bd3c0bc1f01e5eb59720847c64ad4c4ca1af5d

PODFILE CHECKSUM: 4f3724c0644cb4e73b29c69236b319a2065cb384

COCOAPODS: 1.4.0
